
Microsoft Visual Studio Solution File, Format Version 12.00
# Visual Studio Version 16
VisualStudioVersion = 16.0.33801.447
MinimumVisualStudioVersion = 10.0.40219.1
Project("{FAE04EC0-301F-11D3-BF4B-00C04F79EFBC}") = "SistemaLaboratorioEnmanuel", "SistemaLaboratorioEnmanuel\SistemaLaboratorioEnmanuel.csproj", "{B107AF41-8BF1-4A3E-82D8-EB680DF4470C}"
EndProject
Global
	GlobalSection(SolutionConfigurationPlatforms) = preSolution
		Debug|Any CPU = Debug|Any CPU
		Release|Any CPU = Release|Any CPU
	EndGlobalSection
	GlobalSection(ProjectConfigurationPlatforms) = postSolution
		{B107AF41-8BF1-4A3E-82D8-EB680DF4470C}.Debug|Any CPU.ActiveCfg = Debug|Any CPU
		{B107AF41-8BF1-4A3E-82D8-EB680DF4470C}.Debug|Any CPU.Build.0 = Debug|Any CPU
		{B107AF41-8BF1-4A3E-82D8-EB680DF4470C}.Release|Any CPU.ActiveCfg = Release|Any CPU
		{B107AF41-8BF1-4A3E-82D8-EB680DF4470C}.Release|Any CPU.Build.0 = Release|Any CPU
	EndGlobalSection
	GlobalSection(SolutionProperties) = preSolution
		HideSolutionNode = FALSE
	EndGlobalSection
	GlobalSection(ExtensibilityGlobals) = postSolution
		SolutionGuid = {DED05CD6-712C-4525-9F96-F9D5A4B5AF55}
	EndGlobalSection
EndGlobal
